// !$*UTF8*$!
{
	archiveVersion = 1;
	classes = {
	};
	objectVersion = 56;
	objects = {

/* Begin PBXBuildFile section */
		5C190A442BFD6AA500E0254B /* ServiceInfo.plist in Resources */ = {isa = PBXBuildFile; fileRef = 5C190A432BFD6AA500E0254B /* ServiceInfo.plist */; };
		5C190A462BFD6BDB00E0254B /* Bundle+URL.swift in Sources */ = {isa = PBXBuildFile; fileRef = 5C190A452BFD6BDB00E0254B /* Bundle+URL.swift */; };
		5C190A4F2BFDF4E100E0254B /* NoticeRepository.swift in Sources */ = {isa = PBXBuildFile; fileRef = 5C190A4E2BFDF4E100E0254B /* NoticeRepository.swift */; };
		5C190A532BFDF5EB00E0254B /* NoticeRepositoryImpl.swift in Sources */ = {isa = PBXBuildFile; fileRef = 5C190A522BFDF5EB00E0254B /* NoticeRepositoryImpl.swift */; };
		5C190A552BFDF66600E0254B /* ReponseDTO.swift in Sources */ = {isa = PBXBuildFile; fileRef = 5C190A542BFDF66600E0254B /* ReponseDTO.swift */; };
		5C190A572BFE023000E0254B /* NoticeDataSource.swift in Sources */ = {isa = PBXBuildFile; fileRef = 5C190A562BFE023000E0254B /* NoticeDataSource.swift */; };
		5C5698902BEFB3C50085E389 /* MainListCell.swift in Sources */ = {isa = PBXBuildFile; fileRef = 5C56988F2BEFB3C50085E389 /* MainListCell.swift */; };
		5C5698922BEFB4A20085E389 /* MainViewModel.swift in Sources */ = {isa = PBXBuildFile; fileRef = 5C5698912BEFB4A20085E389 /* MainViewModel.swift */; };
		5C5698952BEFB5A60085E389 /* SectionOfNotice.swift in Sources */ = {isa = PBXBuildFile; fileRef = 5C5698942BEFB5A60085E389 /* SectionOfNotice.swift */; };
		5C5698972BEFB6760085E389 /* Notice.swift in Sources */ = {isa = PBXBuildFile; fileRef = 5C5698962BEFB6760085E389 /* Notice.swift */; };
		5C8256422BE5CE1A0038D4C8 /* AppDelegate.swift in Sources */ = {isa = PBXBuildFile; fileRef = 5C8256412BE5CE1A0038D4C8 /* AppDelegate.swift */; };
		5C8256442BE5CE1A0038D4C8 /* SceneDelegate.swift in Sources */ = {isa = PBXBuildFile; fileRef = 5C8256432BE5CE1A0038D4C8 /* SceneDelegate.swift */; };
		5C8256462BE5CE1A0038D4C8 /* MainViewController.swift in Sources */ = {isa = PBXBuildFile; fileRef = 5C8256452BE5CE1A0038D4C8 /* MainViewController.swift */; };
		5C82564B2BE5CE1B0038D4C8 /* Assets.xcassets in Resources */ = {isa = PBXBuildFile; fileRef = 5C82564A2BE5CE1B0038D4C8 /* Assets.xcassets */; };
		5C82564E2BE5CE1B0038D4C8 /* Base in Resources */ = {isa = PBXBuildFile; fileRef = 5C82564D2BE5CE1B0038D4C8 /* Base */; };
		5C89DD3A2BFA02F400CCCCCD /* MainViewController+Callbacks.swift in Sources */ = {isa = PBXBuildFile; fileRef = 5C89DD392BFA02F400CCCCCD /* MainViewController+Callbacks.swift */; };
		5C89DD3C2BFA03D800CCCCCD /* MainViewController+Layout.swift in Sources */ = {isa = PBXBuildFile; fileRef = 5C89DD3B2BFA03D800CCCCCD /* MainViewController+Layout.swift */; };
		5C89DD3E2BFA043200CCCCCD /* MainViewController+Binding.swift in Sources */ = {isa = PBXBuildFile; fileRef = 5C89DD3D2BFA043200CCCCCD /* MainViewController+Binding.swift */; };
		5C89DD462BFA0D6800CCCCCD /* MainNoticeRepository.swift in Sources */ = {isa = PBXBuildFile; fileRef = 5C89DD452BFA0D6800CCCCCD /* MainNoticeRepository.swift */; };
		5C89DD492BFA100300CCCCCD /* MainNoticeRepositoryImpl.swift in Sources */ = {isa = PBXBuildFile; fileRef = 5C89DD482BFA100300CCCCCD /* MainNoticeRepositoryImpl.swift */; };
		5C89DD502BFA120B00CCCCCD /* MainNoticeDTO.swift in Sources */ = {isa = PBXBuildFile; fileRef = 5C89DD4F2BFA120B00CCCCCD /* MainNoticeDTO.swift */; };
		5C9B81072BF451540038EB27 /* GeneralNoticeViewController.swift in Sources */ = {isa = PBXBuildFile; fileRef = 5C9B81062BF451540038EB27 /* GeneralNoticeViewController.swift */; };
		5C9B810B2BF451BC0038EB27 /* NoticeViewModel.swift in Sources */ = {isa = PBXBuildFile; fileRef = 5C9B810A2BF451BC0038EB27 /* NoticeViewModel.swift */; };
		5C9B810E2BF45B5D0038EB27 /* ViewModelProtocol.swift in Sources */ = {isa = PBXBuildFile; fileRef = 5C9B810D2BF45B5D0038EB27 /* ViewModelProtocol.swift */; };
		5CD2EFC12BF356FB00066C87 /* UIViewController+Preview.swift in Sources */ = {isa = PBXBuildFile; fileRef = 5CD2EFC02BF356FB00066C87 /* UIViewController+Preview.swift */; };
		8E00AF6C2C361F780037EC38 /* WebViewController.swift in Sources */ = {isa = PBXBuildFile; fileRef = 8E00AF6B2C361F780037EC38 /* WebViewController.swift */; };
		8E00AF712C36233C0037EC38 /* WebViewController+Layout.swift in Sources */ = {isa = PBXBuildFile; fileRef = 8E00AF702C36233C0037EC38 /* WebViewController+Layout.swift */; };
		8E00AF7B2C3676240037EC38 /* AcademicNoticeViewController.swift in Sources */ = {isa = PBXBuildFile; fileRef = 8E00AF7A2C3676240037EC38 /* AcademicNoticeViewController.swift */; };
		8E00AF7F2C367D8A0037EC38 /* DataBindable.swift in Sources */ = {isa = PBXBuildFile; fileRef = 8E00AF7E2C367D8A0037EC38 /* DataBindable.swift */; };
		8E00AF822C3681100037EC38 /* TableViewConfigurable.swift in Sources */ = {isa = PBXBuildFile; fileRef = 8E00AF812C3681100037EC38 /* TableViewConfigurable.swift */; };
		8E0BA6DD2C33CA1300677A79 /* DetailedNoticeCell.swift in Sources */ = {isa = PBXBuildFile; fileRef = 8E0BA6DC2C33CA1300677A79 /* DetailedNoticeCell.swift */; };
		8E54C8482C5E64E90070E689 /* GoogleService-Info.plist in Resources */ = {isa = PBXBuildFile; fileRef = 8E54C8472C5E64E90070E689 /* GoogleService-Info.plist */; };
		8E54C84A2C5E6F5E0070E689 /* AppDelegate+Messaging.swift in Sources */ = {isa = PBXBuildFile; fileRef = 8E54C8492C5E6F5E0070E689 /* AppDelegate+Messaging.swift */; };
		8E5D1CF82C38D2E50027E8BD /* Scrollable.swift in Sources */ = {isa = PBXBuildFile; fileRef = 8E5D1CF72C38D2E50027E8BD /* Scrollable.swift */; };
		8EA9ACA92C46AC3C00C9E287 /* WebView.swift in Sources */ = {isa = PBXBuildFile; fileRef = 8EA9ACA82C46AC3C00C9E287 /* WebView.swift */; };
		8EA9ACAB2C46AEC900C9E287 /* OpenSourceLicenseView.swift in Sources */ = {isa = PBXBuildFile; fileRef = 8EA9ACAA2C46AEC900C9E287 /* OpenSourceLicenseView.swift */; };
		8ECE2B182C35045800D7F499 /* MainNotice.swift in Sources */ = {isa = PBXBuildFile; fileRef = 8ECE2B172C35045800D7F499 /* MainNotice.swift */; };
		8ECE2B1A2C3512CE00D7F499 /* DetailedNoticeCellWithImage.swift in Sources */ = {isa = PBXBuildFile; fileRef = 8ECE2B192C3512CE00D7F499 /* DetailedNoticeCellWithImage.swift */; };
		8EF191FB2C4ABEB5004219BE /* AppDI.swift in Sources */ = {isa = PBXBuildFile; fileRef = 8EF191FA2C4ABEB5004219BE /* AppDI.swift */; };
		8EF191FD2C4ABED8004219BE /* MainNoticeDataSource.swift in Sources */ = {isa = PBXBuildFile; fileRef = 8EF191FC2C4ABED8004219BE /* MainNoticeDataSource.swift */; };
		8EFCF8632C376AD0004A53E9 /* ScholarshipNoticeViewController.swift in Sources */ = {isa = PBXBuildFile; fileRef = 8EFCF8622C376AD0004A53E9 /* ScholarshipNoticeViewController.swift */; };
		8EFCF8652C377061004A53E9 /* EventNoticeViewController.swift in Sources */ = {isa = PBXBuildFile; fileRef = 8EFCF8642C377061004A53E9 /* EventNoticeViewController.swift */; };
		8EFCF8672C37742A004A53E9 /* SettingView.swift in Sources */ = {isa = PBXBuildFile; fileRef = 8EFCF8662C37742A004A53E9 /* SettingView.swift */; };
		8EFCF86D2C37810B004A53E9 /* UIFont+DynamicFont.swift in Sources */ = {isa = PBXBuildFile; fileRef = 8EFCF86C2C37810B004A53E9 /* UIFont+DynamicFont.swift */; };
		8EFDAB032C3BC08900352779 /* WebViewController+Callbacks.swift in Sources */ = {isa = PBXBuildFile; fileRef = 8EFDAB022C3BC08900352779 /* WebViewController+Callbacks.swift */; };
		A82D0A5E53CA925F7AF83A6F /* Pods_KNUTICE.framework in Frameworks */ = {isa = PBXBuildFile; fileRef = 4A8D3AA05D90BFFE11CE67D5 /* Pods_KNUTICE.framework */; };
/* End PBXBuildFile section */

/* Begin PBXFileReference section */
		026225E47C36048AF5212391 /* Pods-KNUTICE.release.xcconfig */ = {isa = PBXFileReference; includeInIndex = 1; lastKnownFileType = text.xcconfig; name = "Pods-KNUTICE.release.xcconfig"; path = "Target Support Files/Pods-KNUTICE/Pods-KNUTICE.release.xcconfig"; sourceTree = "<group>"; };
		4A8D3AA05D90BFFE11CE67D5 /* Pods_KNUTICE.framework */ = {isa = PBXFileReference; explicitFileType = wrapper.framework; includeInIndex = 0; path = Pods_KNUTICE.framework; sourceTree = BUILT_PRODUCTS_DIR; };
		5C190A432BFD6AA500E0254B /* ServiceInfo.plist */ = {isa = PBXFileReference; lastKnownFileType = text.plist.xml; path = ServiceInfo.plist; sourceTree = "<group>"; };
		5C190A452BFD6BDB00E0254B /* Bundle+URL.swift */ = {isa = PBXFileReference; lastKnownFileType = sourcecode.swift; path = "Bundle+URL.swift"; sourceTree = "<group>"; };
		5C190A4E2BFDF4E100E0254B /* NoticeRepository.swift */ = {isa = PBXFileReference; lastKnownFileType = sourcecode.swift; path = NoticeRepository.swift; sourceTree = "<group>"; };
		5C190A522BFDF5EB00E0254B /* NoticeRepositoryImpl.swift */ = {isa = PBXFileReference; lastKnownFileType = sourcecode.swift; path = NoticeRepositoryImpl.swift; sourceTree = "<group>"; };
		5C190A542BFDF66600E0254B /* ReponseDTO.swift */ = {isa = PBXFileReference; lastKnownFileType = sourcecode.swift; path = ReponseDTO.swift; sourceTree = "<group>"; };
		5C190A562BFE023000E0254B /* NoticeDataSource.swift */ = {isa = PBXFileReference; lastKnownFileType = sourcecode.swift; path = NoticeDataSource.swift; sourceTree = "<group>"; };
		5C56988F2BEFB3C50085E389 /* MainListCell.swift */ = {isa = PBXFileReference; lastKnownFileType = sourcecode.swift; path = MainListCell.swift; sourceTree = "<group>"; };
		5C5698912BEFB4A20085E389 /* MainViewModel.swift */ = {isa = PBXFileReference; lastKnownFileType = sourcecode.swift; path = MainViewModel.swift; sourceTree = "<group>"; };
		5C5698942BEFB5A60085E389 /* SectionOfNotice.swift */ = {isa = PBXFileReference; lastKnownFileType = sourcecode.swift; path = SectionOfNotice.swift; sourceTree = "<group>"; };
		5C5698962BEFB6760085E389 /* Notice.swift */ = {isa = PBXFileReference; lastKnownFileType = sourcecode.swift; path = Notice.swift; sourceTree = "<group>"; };
		5C82563E2BE5CE1A0038D4C8 /* KNUTICE.app */ = {isa = PBXFileReference; explicitFileType = wrapper.application; includeInIndex = 0; path = KNUTICE.app; sourceTree = BUILT_PRODUCTS_DIR; };
		5C8256412BE5CE1A0038D4C8 /* AppDelegate.swift */ = {isa = PBXFileReference; lastKnownFileType = sourcecode.swift; path = AppDelegate.swift; sourceTree = "<group>"; };
		5C8256432BE5CE1A0038D4C8 /* SceneDelegate.swift */ = {isa = PBXFileReference; lastKnownFileType = sourcecode.swift; path = SceneDelegate.swift; sourceTree = "<group>"; };
		5C8256452BE5CE1A0038D4C8 /* MainViewController.swift */ = {isa = PBXFileReference; lastKnownFileType = sourcecode.swift; path = MainViewController.swift; sourceTree = "<group>"; };
		5C82564A2BE5CE1B0038D4C8 /* Assets.xcassets */ = {isa = PBXFileReference; lastKnownFileType = folder.assetcatalog; path = Assets.xcassets; sourceTree = "<group>"; };
		5C82564D2BE5CE1B0038D4C8 /* Base */ = {isa = PBXFileReference; lastKnownFileType = file.storyboard; name = Base; path = Base.lproj/LaunchScreen.storyboard; sourceTree = "<group>"; };
		5C82564F2BE5CE1B0038D4C8 /* Info.plist */ = {isa = PBXFileReference; lastKnownFileType = text.plist.xml; path = Info.plist; sourceTree = "<group>"; };
		5C89DD392BFA02F400CCCCCD /* MainViewController+Callbacks.swift */ = {isa = PBXFileReference; lastKnownFileType = sourcecode.swift; path = "MainViewController+Callbacks.swift"; sourceTree = "<group>"; };
		5C89DD3B2BFA03D800CCCCCD /* MainViewController+Layout.swift */ = {isa = PBXFileReference; lastKnownFileType = sourcecode.swift; path = "MainViewController+Layout.swift"; sourceTree = "<group>"; };
		5C89DD3D2BFA043200CCCCCD /* MainViewController+Binding.swift */ = {isa = PBXFileReference; lastKnownFileType = sourcecode.swift; path = "MainViewController+Binding.swift"; sourceTree = "<group>"; };
		5C89DD452BFA0D6800CCCCCD /* MainNoticeRepository.swift */ = {isa = PBXFileReference; lastKnownFileType = sourcecode.swift; path = MainNoticeRepository.swift; sourceTree = "<group>"; };
		5C89DD482BFA100300CCCCCD /* MainNoticeRepositoryImpl.swift */ = {isa = PBXFileReference; lastKnownFileType = sourcecode.swift; path = MainNoticeRepositoryImpl.swift; sourceTree = "<group>"; };
		5C89DD4F2BFA120B00CCCCCD /* MainNoticeDTO.swift */ = {isa = PBXFileReference; lastKnownFileType = sourcecode.swift; path = MainNoticeDTO.swift; sourceTree = "<group>"; };
		5C9B81062BF451540038EB27 /* GeneralNoticeViewController.swift */ = {isa = PBXFileReference; lastKnownFileType = sourcecode.swift; path = GeneralNoticeViewController.swift; sourceTree = "<group>"; };
		5C9B810A2BF451BC0038EB27 /* NoticeViewModel.swift */ = {isa = PBXFileReference; lastKnownFileType = sourcecode.swift; path = NoticeViewModel.swift; sourceTree = "<group>"; };
		5C9B810D2BF45B5D0038EB27 /* ViewModelProtocol.swift */ = {isa = PBXFileReference; lastKnownFileType = sourcecode.swift; path = ViewModelProtocol.swift; sourceTree = "<group>"; };
		5CD2EFC02BF356FB00066C87 /* UIViewController+Preview.swift */ = {isa = PBXFileReference; lastKnownFileType = sourcecode.swift; path = "UIViewController+Preview.swift"; sourceTree = "<group>"; };
		8AC0BDBB0D43D012C76651F6 /* Pods-KNUTICE.debug.xcconfig */ = {isa = PBXFileReference; includeInIndex = 1; lastKnownFileType = text.xcconfig; name = "Pods-KNUTICE.debug.xcconfig"; path = "Target Support Files/Pods-KNUTICE/Pods-KNUTICE.debug.xcconfig"; sourceTree = "<group>"; };
		8E00AF6B2C361F780037EC38 /* WebViewController.swift */ = {isa = PBXFileReference; lastKnownFileType = sourcecode.swift; path = WebViewController.swift; sourceTree = "<group>"; };
		8E00AF702C36233C0037EC38 /* WebViewController+Layout.swift */ = {isa = PBXFileReference; lastKnownFileType = sourcecode.swift; path = "WebViewController+Layout.swift"; sourceTree = "<group>"; };
		8E00AF7A2C3676240037EC38 /* AcademicNoticeViewController.swift */ = {isa = PBXFileReference; lastKnownFileType = sourcecode.swift; path = AcademicNoticeViewController.swift; sourceTree = "<group>"; };
		8E00AF7E2C367D8A0037EC38 /* DataBindable.swift */ = {isa = PBXFileReference; lastKnownFileType = sourcecode.swift; path = DataBindable.swift; sourceTree = "<group>"; };
		8E00AF812C3681100037EC38 /* TableViewConfigurable.swift */ = {isa = PBXFileReference; lastKnownFileType = sourcecode.swift; path = TableViewConfigurable.swift; sourceTree = "<group>"; };
		8E0BA6DC2C33CA1300677A79 /* DetailedNoticeCell.swift */ = {isa = PBXFileReference; lastKnownFileType = sourcecode.swift; path = DetailedNoticeCell.swift; sourceTree = "<group>"; };
		8E54C8462C5E63940070E689 /* KNUTICE.entitlements */ = {isa = PBXFileReference; lastKnownFileType = text.plist.entitlements; path = KNUTICE.entitlements; sourceTree = "<group>"; };
		8E54C8472C5E64E90070E689 /* GoogleService-Info.plist */ = {isa = PBXFileReference; fileEncoding = 4; lastKnownFileType = text.plist.xml; name = "GoogleService-Info.plist"; path = "../../../../../Downloads/GoogleService-Info.plist"; sourceTree = "<group>"; };
		8E54C8492C5E6F5E0070E689 /* AppDelegate+Messaging.swift */ = {isa = PBXFileReference; lastKnownFileType = sourcecode.swift; path = "AppDelegate+Messaging.swift"; sourceTree = "<group>"; };
		8E5D1CF72C38D2E50027E8BD /* Scrollable.swift */ = {isa = PBXFileReference; lastKnownFileType = sourcecode.swift; path = Scrollable.swift; sourceTree = "<group>"; };
		8EA9ACA82C46AC3C00C9E287 /* WebView.swift */ = {isa = PBXFileReference; lastKnownFileType = sourcecode.swift; path = WebView.swift; sourceTree = "<group>"; };
		8EA9ACAA2C46AEC900C9E287 /* OpenSourceLicenseView.swift */ = {isa = PBXFileReference; lastKnownFileType = sourcecode.swift; path = OpenSourceLicenseView.swift; sourceTree = "<group>"; };
		8ECE2B172C35045800D7F499 /* MainNotice.swift */ = {isa = PBXFileReference; lastKnownFileType = sourcecode.swift; path = MainNotice.swift; sourceTree = "<group>"; };
		8ECE2B192C3512CE00D7F499 /* DetailedNoticeCellWithImage.swift */ = {isa = PBXFileReference; lastKnownFileType = sourcecode.swift; path = DetailedNoticeCellWithImage.swift; sourceTree = "<group>"; };
		8EF191FA2C4ABEB5004219BE /* AppDI.swift */ = {isa = PBXFileReference; lastKnownFileType = sourcecode.swift; path = AppDI.swift; sourceTree = "<group>"; };
		8EF191FC2C4ABED8004219BE /* MainNoticeDataSource.swift */ = {isa = PBXFileReference; lastKnownFileType = sourcecode.swift; path = MainNoticeDataSource.swift; sourceTree = "<group>"; };
		8EFCF8622C376AD0004A53E9 /* ScholarshipNoticeViewController.swift */ = {isa = PBXFileReference; lastKnownFileType = sourcecode.swift; path = ScholarshipNoticeViewController.swift; sourceTree = "<group>"; };
		8EFCF8642C377061004A53E9 /* EventNoticeViewController.swift */ = {isa = PBXFileReference; lastKnownFileType = sourcecode.swift; path = EventNoticeViewController.swift; sourceTree = "<group>"; };
		8EFCF8662C37742A004A53E9 /* SettingView.swift */ = {isa = PBXFileReference; lastKnownFileType = sourcecode.swift; path = SettingView.swift; sourceTree = "<group>"; };
		8EFCF86C2C37810B004A53E9 /* UIFont+DynamicFont.swift */ = {isa = PBXFileReference; lastKnownFileType = sourcecode.swift; path = "UIFont+DynamicFont.swift"; sourceTree = "<group>"; };
		8EFDAB022C3BC08900352779 /* WebViewController+Callbacks.swift */ = {isa = PBXFileReference; lastKnownFileType = sourcecode.swift; path = "WebViewController+Callbacks.swift"; sourceTree = "<group>"; };
/* End PBXFileReference section */

/* Begin PBXFrameworksBuildPhase section */
		5C82563B2BE5CE1A0038D4C8 /* Frameworks */ = {
			isa = PBXFrameworksBuildPhase;
			buildActionMask = 2147483647;
			files = (
				A82D0A5E53CA925F7AF83A6F /* Pods_KNUTICE.framework in Frameworks */,
			);
			runOnlyForDeploymentPostprocessing = 0;
		};
/* End PBXFrameworksBuildPhase section */

/* Begin PBXGroup section */
		5C190A4C2BFDD92A00E0254B /* Utils */ = {
			isa = PBXGroup;
			children = (
				5C190A452BFD6BDB00E0254B /* Bundle+URL.swift */,
			);
			path = Utils;
			sourceTree = "<group>";
		};
		5C190A4D2BFDDBF500E0254B /* SectionModel */ = {
			isa = PBXGroup;
			children = (
				5C5698942BEFB5A60085E389 /* SectionOfNotice.swift */,
			);
			path = SectionModel;
			sourceTree = "<group>";
		};
		5C5698892BEFB2BE0085E389 /* Presentation */ = {
			isa = PBXGroup;
			children = (
				8E00AF802C3680090037EC38 /* Commons */,
				8E00AF792C36755B0037EC38 /* ViewModel */,
				8E00AF6D2C361F7E0037EC38 /* WebView */,
				5CD2EFBF2BF356D700066C87 /* Utils */,
				5C9B810C2BF45B4A0038EB27 /* Interface */,
				5C89DD352BF9ECB900CCCCCD /* EventNotice */,
				5C89DD312BF9EC7500CCCCCD /* ScholarshipNotice */,
				5C89DD2D2BF9EBF100CCCCCD /* AcademicNotice */,
				5C9B81052BF451210038EB27 /* GeneralNotice */,
				5CD2EFC22BF3A5A100066C87 /* Setting */,
				5C56988A2BEFB2ED0085E389 /* Main */,
				5C82564C2BE5CE1B0038D4C8 /* LaunchScreen.storyboard */,
			);
			path = Presentation;
			sourceTree = "<group>";
		};
		5C56988A2BEFB2ED0085E389 /* Main */ = {
			isa = PBXGroup;
			children = (
				5C190A4D2BFDDBF500E0254B /* SectionModel */,
				5C56988B2BEFB2F20085E389 /* View */,
			);
			path = Main;
			sourceTree = "<group>";
		};
		5C56988B2BEFB2F20085E389 /* View */ = {
			isa = PBXGroup;
			children = (
				5C8256452BE5CE1A0038D4C8 /* MainViewController.swift */,
				5C89DD392BFA02F400CCCCCD /* MainViewController+Callbacks.swift */,
				5C89DD3B2BFA03D800CCCCCD /* MainViewController+Layout.swift */,
				5C89DD3D2BFA043200CCCCCD /* MainViewController+Binding.swift */,
				5C56988F2BEFB3C50085E389 /* MainListCell.swift */,
			);
			path = View;
			sourceTree = "<group>";
		};
		5C56988D2BEFB3660085E389 /* Resources */ = {
			isa = PBXGroup;
			children = (
				5C82564A2BE5CE1B0038D4C8 /* Assets.xcassets */,
			);
			path = Resources;
			sourceTree = "<group>";
		};
		5C56988E2BEFB37D0085E389 /* Application */ = {
			isa = PBXGroup;
			children = (
				5C82564F2BE5CE1B0038D4C8 /* Info.plist */,
				5C190A432BFD6AA500E0254B /* ServiceInfo.plist */,
				5C8256412BE5CE1A0038D4C8 /* AppDelegate.swift */,
				8E54C8492C5E6F5E0070E689 /* AppDelegate+Messaging.swift */,
				5C8256432BE5CE1A0038D4C8 /* SceneDelegate.swift */,
				8EF191FA2C4ABEB5004219BE /* AppDI.swift */,
			);
			path = Application;
			sourceTree = "<group>";
		};
		5C5698932BEFB59A0085E389 /* Data */ = {
			isa = PBXGroup;
			children = (
				5C89DD4E2BFA118B00CCCCCD /* DTO */,
				5C89DD412BFA0CF700CCCCCD /* Model */,
				5C89DD4A2BFA104800CCCCCD /* DataSources */,
				5C89DD442BFA0D3F00CCCCCD /* RepositoryInterfaces */,
				5C89DD472BFA0EA400CCCCCD /* Repositories */,
			);
			path = Data;
			sourceTree = "<group>";
		};
		5C8256352BE5CE1A0038D4C8 = {
			isa = PBXGroup;
			children = (
				5C8256402BE5CE1A0038D4C8 /* KNUTICE */,
				5C82563F2BE5CE1A0038D4C8 /* Products */,
				BC5E021D61A31CFDBABCB914 /* Pods */,
				B7C2DD8F1383D1BE8D2ADDF7 /* Frameworks */,
			);
			sourceTree = "<group>";
		};
		5C82563F2BE5CE1A0038D4C8 /* Products */ = {
			isa = PBXGroup;
			children = (
				5C82563E2BE5CE1A0038D4C8 /* KNUTICE.app */,
			);
			name = Products;
			sourceTree = "<group>";
		};
		5C8256402BE5CE1A0038D4C8 /* KNUTICE */ = {
			isa = PBXGroup;
			children = (
				8E54C8472C5E64E90070E689 /* GoogleService-Info.plist */,
				8E54C8462C5E63940070E689 /* KNUTICE.entitlements */,
				5C190A4C2BFDD92A00E0254B /* Utils */,
				5C56988E2BEFB37D0085E389 /* Application */,
				5C56988D2BEFB3660085E389 /* Resources */,
				5C5698932BEFB59A0085E389 /* Data */,
				5C5698892BEFB2BE0085E389 /* Presentation */,
			);
			path = KNUTICE;
			sourceTree = "<group>";
		};
		5C89DD2D2BF9EBF100CCCCCD /* AcademicNotice */ = {
			isa = PBXGroup;
			children = (
				5C89DD2E2BF9EC0B00CCCCCD /* View */,
			);
			path = AcademicNotice;
			sourceTree = "<group>";
		};
		5C89DD2E2BF9EC0B00CCCCCD /* View */ = {
			isa = PBXGroup;
			children = (
				8E00AF7A2C3676240037EC38 /* AcademicNoticeViewController.swift */,
			);
			path = View;
			sourceTree = "<group>";
		};
		5C89DD312BF9EC7500CCCCCD /* ScholarshipNotice */ = {
			isa = PBXGroup;
			children = (
				5C89DD322BF9EC9A00CCCCCD /* View */,
			);
			path = ScholarshipNotice;
			sourceTree = "<group>";
		};
		5C89DD322BF9EC9A00CCCCCD /* View */ = {
			isa = PBXGroup;
			children = (
				8EFCF8622C376AD0004A53E9 /* ScholarshipNoticeViewController.swift */,
			);
			path = View;
			sourceTree = "<group>";
		};
		5C89DD352BF9ECB900CCCCCD /* EventNotice */ = {
			isa = PBXGroup;
			children = (
				5C89DD362BF9ECCD00CCCCCD /* View */,
			);
			path = EventNotice;
			sourceTree = "<group>";
		};
		5C89DD362BF9ECCD00CCCCCD /* View */ = {
			isa = PBXGroup;
			children = (
				8EFCF8642C377061004A53E9 /* EventNoticeViewController.swift */,
			);
			path = View;
			sourceTree = "<group>";
		};
		5C89DD412BFA0CF700CCCCCD /* Model */ = {
			isa = PBXGroup;
			children = (
				5C5698962BEFB6760085E389 /* Notice.swift */,
				8ECE2B172C35045800D7F499 /* MainNotice.swift */,
			);
			path = Model;
			sourceTree = "<group>";
		};
		5C89DD442BFA0D3F00CCCCCD /* RepositoryInterfaces */ = {
			isa = PBXGroup;
			children = (
				5C89DD452BFA0D6800CCCCCD /* MainNoticeRepository.swift */,
				5C190A4E2BFDF4E100E0254B /* NoticeRepository.swift */,
			);
			path = RepositoryInterfaces;
			sourceTree = "<group>";
		};
		5C89DD472BFA0EA400CCCCCD /* Repositories */ = {
			isa = PBXGroup;
			children = (
				5C89DD482BFA100300CCCCCD /* MainNoticeRepositoryImpl.swift */,
				5C190A522BFDF5EB00E0254B /* NoticeRepositoryImpl.swift */,
			);
			path = Repositories;
			sourceTree = "<group>";
		};
		5C89DD4A2BFA104800CCCCCD /* DataSources */ = {
			isa = PBXGroup;
			children = (
				5C190A562BFE023000E0254B /* NoticeDataSource.swift */,
				8EF191FC2C4ABED8004219BE /* MainNoticeDataSource.swift */,
			);
			path = DataSources;
			sourceTree = "<group>";
		};
		5C89DD4E2BFA118B00CCCCCD /* DTO */ = {
			isa = PBXGroup;
			children = (
				5C89DD4F2BFA120B00CCCCCD /* MainNoticeDTO.swift */,
				5C190A542BFDF66600E0254B /* ReponseDTO.swift */,
			);
			path = DTO;
			sourceTree = "<group>";
		};
		5C9B81052BF451210038EB27 /* GeneralNotice */ = {
			isa = PBXGroup;
			children = (
				5C9B81082BF451620038EB27 /* View */,
			);
			path = GeneralNotice;
			sourceTree = "<group>";
		};
		5C9B81082BF451620038EB27 /* View */ = {
			isa = PBXGroup;
			children = (
				5C9B81062BF451540038EB27 /* GeneralNoticeViewController.swift */,
			);
			path = View;
			sourceTree = "<group>";
		};
		5C9B810C2BF45B4A0038EB27 /* Interface */ = {
			isa = PBXGroup;
			children = (
				5C9B810D2BF45B5D0038EB27 /* ViewModelProtocol.swift */,
				8E00AF7E2C367D8A0037EC38 /* DataBindable.swift */,
				8E00AF812C3681100037EC38 /* TableViewConfigurable.swift */,
				8E5D1CF72C38D2E50027E8BD /* Scrollable.swift */,
			);
			path = Interface;
			sourceTree = "<group>";
		};
		5CD2EFBF2BF356D700066C87 /* Utils */ = {
			isa = PBXGroup;
			children = (
				5CD2EFC02BF356FB00066C87 /* UIViewController+Preview.swift */,
				8EFCF86C2C37810B004A53E9 /* UIFont+DynamicFont.swift */,
			);
			path = Utils;
			sourceTree = "<group>";
		};
		5CD2EFC22BF3A5A100066C87 /* Setting */ = {
			isa = PBXGroup;
			children = (
				8EFCF8662C37742A004A53E9 /* SettingView.swift */,
				8EA9ACA82C46AC3C00C9E287 /* WebView.swift */,
				8EA9ACAA2C46AEC900C9E287 /* OpenSourceLicenseView.swift */,
			);
			path = Setting;
			sourceTree = "<group>";
		};
		8E00AF6D2C361F7E0037EC38 /* WebView */ = {
			isa = PBXGroup;
			children = (
				8E00AF6B2C361F780037EC38 /* WebViewController.swift */,
				8E00AF702C36233C0037EC38 /* WebViewController+Layout.swift */,
				8EFDAB022C3BC08900352779 /* WebViewController+Callbacks.swift */,
			);
			path = WebView;
			sourceTree = "<group>";
		};
		8E00AF792C36755B0037EC38 /* ViewModel */ = {
			isa = PBXGroup;
			children = (
				5C9B810A2BF451BC0038EB27 /* NoticeViewModel.swift */,
				5C5698912BEFB4A20085E389 /* MainViewModel.swift */,
			);
			path = ViewModel;
			sourceTree = "<group>";
		};
		8E00AF802C3680090037EC38 /* Commons */ = {
			isa = PBXGroup;
			children = (
				8E0BA6DC2C33CA1300677A79 /* DetailedNoticeCell.swift */,
				8ECE2B192C3512CE00D7F499 /* DetailedNoticeCellWithImage.swift */,
			);
			path = Commons;
			sourceTree = "<group>";
		};
		B7C2DD8F1383D1BE8D2ADDF7 /* Frameworks */ = {
			isa = PBXGroup;
			children = (
				4A8D3AA05D90BFFE11CE67D5 /* Pods_KNUTICE.framework */,
			);
			name = Frameworks;
			sourceTree = "<group>";
		};
		BC5E021D61A31CFDBABCB914 /* Pods */ = {
			isa = PBXGroup;
			children = (
				8AC0BDBB0D43D012C76651F6 /* Pods-KNUTICE.debug.xcconfig */,
				026225E47C36048AF5212391 /* Pods-KNUTICE.release.xcconfig */,
			);
			path = Pods;
			sourceTree = "<group>";
		};
/* End PBXGroup section */

/* Begin PBXNativeTarget section */
		5C82563D2BE5CE1A0038D4C8 /* KNUTICE */ = {
			isa = PBXNativeTarget;
			buildConfigurationList = 5C8256522BE5CE1B0038D4C8 /* Build configuration list for PBXNativeTarget "KNUTICE" */;
			buildPhases = (
				DDAE1B8AE583F325F8B4E3A1 /* [CP] Check Pods Manifest.lock */,
				5C82563A2BE5CE1A0038D4C8 /* Sources */,
				5C82563B2BE5CE1A0038D4C8 /* Frameworks */,
				5C82563C2BE5CE1A0038D4C8 /* Resources */,
				719A894F8A99963A5A19473A /* [CP] Embed Pods Frameworks */,
			);
			buildRules = (
			);
			dependencies = (
			);
			name = KNUTICE;
			productName = KNUTICE;
			productReference = 5C82563E2BE5CE1A0038D4C8 /* KNUTICE.app */;
			productType = "com.apple.product-type.application";
		};
/* End PBXNativeTarget section */

/* Begin PBXProject section */
		5C8256362BE5CE1A0038D4C8 /* Project object */ = {
			isa = PBXProject;
			attributes = {
				BuildIndependentTargetsInParallel = 1;
				LastSwiftUpdateCheck = 1530;
				LastUpgradeCheck = 1530;
				TargetAttributes = {
					5C82563D2BE5CE1A0038D4C8 = {
						CreatedOnToolsVersion = 15.3;
					};
				};
			};
			buildConfigurationList = 5C8256392BE5CE1A0038D4C8 /* Build configuration list for PBXProject "KNUTICE" */;
			compatibilityVersion = "Xcode 14.0";
			developmentRegion = en;
			hasScannedForEncodings = 0;
			knownRegions = (
				en,
				Base,
			);
			mainGroup = 5C8256352BE5CE1A0038D4C8;
			productRefGroup = 5C82563F2BE5CE1A0038D4C8 /* Products */;
			projectDirPath = "";
			projectRoot = "";
			targets = (
				5C82563D2BE5CE1A0038D4C8 /* KNUTICE */,
			);
		};
/* End PBXProject section */

/* Begin PBXResourcesBuildPhase section */
		5C82563C2BE5CE1A0038D4C8 /* Resources */ = {
			isa = PBXResourcesBuildPhase;
			buildActionMask = 2147483647;
			files = (
				5C190A442BFD6AA500E0254B /* ServiceInfo.plist in Resources */,
				8E54C8482C5E64E90070E689 /* GoogleService-Info.plist in Resources */,
				5C82564B2BE5CE1B0038D4C8 /* Assets.xcassets in Resources */,
				5C82564E2BE5CE1B0038D4C8 /* Base in Resources */,
			);
			runOnlyForDeploymentPostprocessing = 0;
		};
/* End PBXResourcesBuildPhase section */

/* Begin PBXShellScriptBuildPhase section */
		719A894F8A99963A5A19473A /* [CP] Embed Pods Frameworks */ = {
			isa = PBXShellScriptBuildPhase;
			buildActionMask = 2147483647;
			files = (
			);
			inputFileListPaths = (
				"${PODS_ROOT}/Target Support Files/Pods-KNUTICE/Pods-KNUTICE-frameworks-${CONFIGURATION}-input-files.xcfilelist",
			);
			name = "[CP] Embed Pods Frameworks";
			outputFileListPaths = (
				"${PODS_ROOT}/Target Support Files/Pods-KNUTICE/Pods-KNUTICE-frameworks-${CONFIGURATION}-output-files.xcfilelist",
			);
			runOnlyForDeploymentPostprocessing = 0;
			shellPath = /bin/sh;
			shellScript = "\"${PODS_ROOT}/Target Support Files/Pods-KNUTICE/Pods-KNUTICE-frameworks.sh\"\n";
			showEnvVarsInLog = 0;
		};
		DDAE1B8AE583F325F8B4E3A1 /* [CP] Check Pods Manifest.lock */ = {
			isa = PBXShellScriptBuildPhase;
			buildActionMask = 2147483647;
			files = (
			);
			inputFileListPaths = (
			);
			inputPaths = (
				"${PODS_PODFILE_DIR_PATH}/Podfile.lock",
				"${PODS_ROOT}/Manifest.lock",
			);
			name = "[CP] Check Pods Manifest.lock";
			outputFileListPaths = (
			);
			outputPaths = (
				"$(DERIVED_FILE_DIR)/Pods-KNUTICE-checkManifestLockResult.txt",
			);
			runOnlyForDeploymentPostprocessing = 0;
			shellPath = /bin/sh;
			shellScript = "diff \"${PODS_PODFILE_DIR_PATH}/Podfile.lock\" \"${PODS_ROOT}/Manifest.lock\" > /dev/null\nif [ $? != 0 ] ; then\n    # print error to STDERR\n    echo \"error: The sandbox is not in sync with the Podfile.lock. Run 'pod install' or update your CocoaPods installation.\" >&2\n    exit 1\nfi\n# This output is used by Xcode 'outputs' to avoid re-running this script phase.\necho \"SUCCESS\" > \"${SCRIPT_OUTPUT_FILE_0}\"\n";
			showEnvVarsInLog = 0;
		};
/* End PBXShellScriptBuildPhase section */

/* Begin PBXSourcesBuildPhase section */
		5C82563A2BE5CE1A0038D4C8 /* Sources */ = {
			isa = PBXSourcesBuildPhase;
			buildActionMask = 2147483647;
			files = (
				8EFCF8632C376AD0004A53E9 /* ScholarshipNoticeViewController.swift in Sources */,
				5C89DD502BFA120B00CCCCCD /* MainNoticeDTO.swift in Sources */,
				5CD2EFC12BF356FB00066C87 /* UIViewController+Preview.swift in Sources */,
				5C5698922BEFB4A20085E389 /* MainViewModel.swift in Sources */,
				5C8256462BE5CE1A0038D4C8 /* MainViewController.swift in Sources */,
				8ECE2B1A2C3512CE00D7F499 /* DetailedNoticeCellWithImage.swift in Sources */,
				5C9B810B2BF451BC0038EB27 /* NoticeViewModel.swift in Sources */,
				8EA9ACAB2C46AEC900C9E287 /* OpenSourceLicenseView.swift in Sources */,
				5C89DD3E2BFA043200CCCCCD /* MainViewController+Binding.swift in Sources */,
				5C89DD492BFA100300CCCCCD /* MainNoticeRepositoryImpl.swift in Sources */,
				8E0BA6DD2C33CA1300677A79 /* DetailedNoticeCell.swift in Sources */,
				8EF191FB2C4ABEB5004219BE /* AppDI.swift in Sources */,
				5C8256422BE5CE1A0038D4C8 /* AppDelegate.swift in Sources */,
				5C5698972BEFB6760085E389 /* Notice.swift in Sources */,
				8E00AF712C36233C0037EC38 /* WebViewController+Layout.swift in Sources */,
				8EF191FD2C4ABED8004219BE /* MainNoticeDataSource.swift in Sources */,
				5C190A552BFDF66600E0254B /* ReponseDTO.swift in Sources */,
				8EA9ACA92C46AC3C00C9E287 /* WebView.swift in Sources */,
				8E54C84A2C5E6F5E0070E689 /* AppDelegate+Messaging.swift in Sources */,
				5C190A4F2BFDF4E100E0254B /* NoticeRepository.swift in Sources */,
				8EFDAB032C3BC08900352779 /* WebViewController+Callbacks.swift in Sources */,
				5C5698902BEFB3C50085E389 /* MainListCell.swift in Sources */,
				5C9B810E2BF45B5D0038EB27 /* ViewModelProtocol.swift in Sources */,
				8ECE2B182C35045800D7F499 /* MainNotice.swift in Sources */,
				8EFCF86D2C37810B004A53E9 /* UIFont+DynamicFont.swift in Sources */,
				5C190A532BFDF5EB00E0254B /* NoticeRepositoryImpl.swift in Sources */,
				5C89DD462BFA0D6800CCCCCD /* MainNoticeRepository.swift in Sources */,
				8E00AF7B2C3676240037EC38 /* AcademicNoticeViewController.swift in Sources */,
				5C190A572BFE023000E0254B /* NoticeDataSource.swift in Sources */,
				5C9B81072BF451540038EB27 /* GeneralNoticeViewController.swift in Sources */,
				8EFCF8672C37742A004A53E9 /* SettingView.swift in Sources */,
				5C89DD3A2BFA02F400CCCCCD /* MainViewController+Callbacks.swift in Sources */,
				8EFCF8652C377061004A53E9 /* EventNoticeViewController.swift in Sources */,
				5C5698952BEFB5A60085E389 /* SectionOfNotice.swift in Sources */,
				8E00AF6C2C361F780037EC38 /* WebViewController.swift in Sources */,
				8E00AF7F2C367D8A0037EC38 /* DataBindable.swift in Sources */,
				5C89DD3C2BFA03D800CCCCCD /* MainViewController+Layout.swift in Sources */,
				5C8256442BE5CE1A0038D4C8 /* SceneDelegate.swift in Sources */,
				8E00AF822C3681100037EC38 /* TableViewConfigurable.swift in Sources */,
				5C190A462BFD6BDB00E0254B /* Bundle+URL.swift in Sources */,
				8E5D1CF82C38D2E50027E8BD /* Scrollable.swift in Sources */,
			);
			runOnlyForDeploymentPostprocessing = 0;
		};
/* End PBXSourcesBuildPhase section */

/* Begin PBXVariantGroup section */
		5C82564C2BE5CE1B0038D4C8 /* LaunchScreen.storyboard */ = {
			isa = PBXVariantGroup;
			children = (
				5C82564D2BE5CE1B0038D4C8 /* Base */,
			);
			name = LaunchScreen.storyboard;
			sourceTree = "<group>";
		};
/* End PBXVariantGroup section */

/* Begin XCBuildConfiguration section */
		5C8256502BE5CE1B0038D4C8 /* Debug */ = {
			isa = XCBuildConfiguration;
			buildSettings = {
				ALWAYS_SEARCH_USER_PATHS = NO;
				ASSETCATALOG_COMPILER_GENERATE_SWIFT_ASSET_SYMBOL_EXTENSIONS = YES;
				CLANG_ANALYZER_NONNULL = YES;
				CLANG_ANALYZER_NUMBER_OBJECT_CONVERSION = YES_AGGRESSIVE;
				CLANG_CXX_LANGUAGE_STANDARD = "gnu++20";
				CLANG_ENABLE_MODULES = YES;
				CLANG_ENABLE_OBJC_ARC = YES;
				CLANG_ENABLE_OBJC_WEAK = YES;
				CLANG_WARN_BLOCK_CAPTURE_AUTORELEASING = YES;
				CLANG_WARN_BOOL_CONVERSION = YES;
				CLANG_WARN_COMMA = YES;
				CLANG_WARN_CONSTANT_CONVERSION = YES;
				CLANG_WARN_DEPRECATED_OBJC_IMPLEMENTATIONS = YES;
				CLANG_WARN_DIRECT_OBJC_ISA_USAGE = YES_ERROR;
				CLANG_WARN_DOCUMENTATION_COMMENTS = YES;
				CLANG_WARN_EMPTY_BODY = YES;
				CLANG_WARN_ENUM_CONVERSION = YES;
				CLANG_WARN_INFINITE_RECURSION = YES;
				CLANG_WARN_INT_CONVERSION = YES;
				CLANG_WARN_NON_LITERAL_NULL_CONVERSION = YES;
				CLANG_WARN_OBJC_IMPLICIT_RETAIN_SELF = YES;
				CLANG_WARN_OBJC_LITERAL_CONVERSION = YES;
				CLANG_WARN_OBJC_ROOT_CLASS = YES_ERROR;
				CLANG_WARN_QUOTED_INCLUDE_IN_FRAMEWORK_HEADER = YES;
				CLANG_WARN_RANGE_LOOP_ANALYSIS = YES;
				CLANG_WARN_STRICT_PROTOTYPES = YES;
				CLANG_WARN_SUSPICIOUS_MOVE = YES;
				CLANG_WARN_UNGUARDED_AVAILABILITY = YES_AGGRESSIVE;
				CLANG_WARN_UNREACHABLE_CODE = YES;
				CLANG_WARN__DUPLICATE_METHOD_MATCH = YES;
				COPY_PHASE_STRIP = NO;
				DEBUG_INFORMATION_FORMAT = dwarf;
				ENABLE_STRICT_OBJC_MSGSEND = YES;
				ENABLE_TESTABILITY = YES;
				ENABLE_USER_SCRIPT_SANDBOXING = YES;
				GCC_C_LANGUAGE_STANDARD = gnu17;
				GCC_DYNAMIC_NO_PIC = NO;
				GCC_NO_COMMON_BLOCKS = YES;
				GCC_OPTIMIZATION_LEVEL = 0;
				GCC_PREPROCESSOR_DEFINITIONS = (
					"DEBUG=1",
					"$(inherited)",
				);
				GCC_WARN_64_TO_32_BIT_CONVERSION = YES;
				GCC_WARN_ABOUT_RETURN_TYPE = YES_ERROR;
				GCC_WARN_UNDECLARED_SELECTOR = YES;
				GCC_WARN_UNINITIALIZED_AUTOS = YES_AGGRESSIVE;
				GCC_WARN_UNUSED_FUNCTION = YES;
				GCC_WARN_UNUSED_VARIABLE = YES;
				IPHONEOS_DEPLOYMENT_TARGET = 15.0;
				LOCALIZATION_PREFERS_STRING_CATALOGS = YES;
				MTL_ENABLE_DEBUG_INFO = INCLUDE_SOURCE;
				MTL_FAST_MATH = YES;
				ONLY_ACTIVE_ARCH = YES;
				SDKROOT = iphoneos;
				SWIFT_ACTIVE_COMPILATION_CONDITIONS = "DEBUG $(inherited)";
				SWIFT_OPTIMIZATION_LEVEL = "-Onone";
			};
			name = Debug;
		};
		5C8256512BE5CE1B0038D4C8 /* Release */ = {
			isa = XCBuildConfiguration;
			buildSettings = {
				ALWAYS_SEARCH_USER_PATHS = NO;
				ASSETCATALOG_COMPILER_GENERATE_SWIFT_ASSET_SYMBOL_EXTENSIONS = YES;
				CLANG_ANALYZER_NONNULL = YES;
				CLANG_ANALYZER_NUMBER_OBJECT_CONVERSION = YES_AGGRESSIVE;
				CLANG_CXX_LANGUAGE_STANDARD = "gnu++20";
				CLANG_ENABLE_MODULES = YES;
				CLANG_ENABLE_OBJC_ARC = YES;
				CLANG_ENABLE_OBJC_WEAK = YES;
				CLANG_WARN_BLOCK_CAPTURE_AUTORELEASING = YES;
				CLANG_WARN_BOOL_CONVERSION = YES;
				CLANG_WARN_COMMA = YES;
				CLANG_WARN_CONSTANT_CONVERSION = YES;
				CLANG_WARN_DEPRECATED_OBJC_IMPLEMENTATIONS = YES;
				CLANG_WARN_DIRECT_OBJC_ISA_USAGE = YES_ERROR;
				CLANG_WARN_DOCUMENTATION_COMMENTS = YES;
				CLANG_WARN_EMPTY_BODY = YES;
				CLANG_WARN_ENUM_CONVERSION = YES;
				CLANG_WARN_INFINITE_RECURSION = YES;
				CLANG_WARN_INT_CONVERSION = YES;
				CLANG_WARN_NON_LITERAL_NULL_CONVERSION = YES;
				CLANG_WARN_OBJC_IMPLICIT_RETAIN_SELF = YES;
				CLANG_WARN_OBJC_LITERAL_CONVERSION = YES;
				CLANG_WARN_OBJC_ROOT_CLASS = YES_ERROR;
				CLANG_WARN_QUOTED_INCLUDE_IN_FRAMEWORK_HEADER = YES;
				CLANG_WARN_RANGE_LOOP_ANALYSIS = YES;
				CLANG_WARN_STRICT_PROTOTYPES = YES;
				CLANG_WARN_SUSPICIOUS_MOVE = YES;
				CLANG_WARN_UNGUARDED_AVAILABILITY = YES_AGGRESSIVE;
				CLANG_WARN_UNREACHABLE_CODE = YES;
				CLANG_WARN__DUPLICATE_METHOD_MATCH = YES;
				COPY_PHASE_STRIP = NO;
				DEBUG_INFORMATION_FORMAT = "dwarf-with-dsym";
				ENABLE_NS_ASSERTIONS = NO;
				ENABLE_STRICT_OBJC_MSGSEND = YES;
				ENABLE_USER_SCRIPT_SANDBOXING = YES;
				GCC_C_LANGUAGE_STANDARD = gnu17;
				GCC_NO_COMMON_BLOCKS = YES;
				GCC_WARN_64_TO_32_BIT_CONVERSION = YES;
				GCC_WARN_ABOUT_RETURN_TYPE = YES_ERROR;
				GCC_WARN_UNDECLARED_SELECTOR = YES;
				GCC_WARN_UNINITIALIZED_AUTOS = YES_AGGRESSIVE;
				GCC_WARN_UNUSED_FUNCTION = YES;
				GCC_WARN_UNUSED_VARIABLE = YES;
				IPHONEOS_DEPLOYMENT_TARGET = 15.0;
				LOCALIZATION_PREFERS_STRING_CATALOGS = YES;
				MTL_ENABLE_DEBUG_INFO = NO;
				MTL_FAST_MATH = YES;
				SDKROOT = iphoneos;
				SWIFT_COMPILATION_MODE = wholemodule;
				VALIDATE_PRODUCT = YES;
			};
			name = Release;
		};
		5C8256532BE5CE1B0038D4C8 /* Debug */ = {
			isa = XCBuildConfiguration;
			baseConfigurationReference = 8AC0BDBB0D43D012C76651F6 /* Pods-KNUTICE.debug.xcconfig */;
			buildSettings = {
				ASSETCATALOG_COMPILER_APPICON_NAME = AppIcon;
				ASSETCATALOG_COMPILER_GLOBAL_ACCENT_COLOR_NAME = AccentColor;
				CODE_SIGN_ENTITLEMENTS = KNUTICE/KNUTICE.entitlements;
				CODE_SIGN_STYLE = Automatic;
				CURRENT_PROJECT_VERSION = 1;
				DEVELOPMENT_TEAM = QHK65XFL8U;
				ENABLE_USER_SCRIPT_SANDBOXING = NO;
				GENERATE_INFOPLIST_FILE = YES;
				INFOPLIST_FILE = KNUTICE/Application/Info.plist;
				INFOPLIST_KEY_LSApplicationCategoryType = "public.app-category.education";
				INFOPLIST_KEY_UIApplicationSupportsIndirectInputEvents = YES;
				INFOPLIST_KEY_UILaunchStoryboardName = LaunchScreen;
				INFOPLIST_KEY_UIMainStoryboardFile = "";
				INFOPLIST_KEY_UISupportedInterfaceOrientations_iPad = "UIInterfaceOrientationPortrait UIInterfaceOrientationPortraitUpsideDown UIInterfaceOrientationLandscapeLeft UIInterfaceOrientationLandscapeRight";
				INFOPLIST_KEY_UISupportedInterfaceOrientations_iPhone = "UIInterfaceOrientationPortrait UIInterfaceOrientationLandscapeLeft UIInterfaceOrientationLandscapeRight";
				IPHONEOS_DEPLOYMENT_TARGET = 15.0;
				LD_RUNPATH_SEARCH_PATHS = (
					"$(inherited)",
					"@executable_path/Frameworks",
				);
				MARKETING_VERSION = 0.4.0;
				PRODUCT_BUNDLE_IDENTIFIER = com.fx.KNUTICE;
				PRODUCT_NAME = "$(TARGET_NAME)";
				SUPPORTED_PLATFORMS = "iphoneos iphonesimulator";
				SUPPORTS_MACCATALYST = NO;
				SUPPORTS_MAC_DESIGNED_FOR_IPHONE_IPAD = NO;
				SUPPORTS_XR_DESIGNED_FOR_IPHONE_IPAD = NO;
				SWIFT_EMIT_LOC_STRINGS = YES;
				SWIFT_VERSION = 5.0;
				TARGETED_DEVICE_FAMILY = 1;
			};
			name = Debug;
		};
		5C8256542BE5CE1B0038D4C8 /* Release */ = {
			isa = XCBuildConfiguration;
			baseConfigurationReference = 026225E47C36048AF5212391 /* Pods-KNUTICE.release.xcconfig */;
			buildSettings = {
				ASSETCATALOG_COMPILER_APPICON_NAME = AppIcon;
				ASSETCATALOG_COMPILER_GLOBAL_ACCENT_COLOR_NAME = AccentColor;
				CODE_SIGN_ENTITLEMENTS = KNUTICE/KNUTICE.entitlements;
				CODE_SIGN_STYLE = Automatic;
				CURRENT_PROJECT_VERSION = 1;
				DEVELOPMENT_TEAM = QHK65XFL8U;
				ENABLE_USER_SCRIPT_SANDBOXING = NO;
				GENERATE_INFOPLIST_FILE = YES;
				INFOPLIST_FILE = KNUTICE/Application/Info.plist;
				INFOPLIST_KEY_LSApplicationCategoryType = "public.app-category.education";
				INFOPLIST_KEY_UIApplicationSupportsIndirectInputEvents = YES;
				INFOPLIST_KEY_UILaunchStoryboardName = LaunchScreen;
				INFOPLIST_KEY_UIMainStoryboardFile = "";
				INFOPLIST_KEY_UISupportedInterfaceOrientations_iPad = "UIInterfaceOrientationPortrait UIInterfaceOrientationPortraitUpsideDown UIInterfaceOrientationLandscapeLeft UIInterfaceOrientationLandscapeRight";
				INFOPLIST_KEY_UISupportedInterfaceOrientations_iPhone = "UIInterfaceOrientationPortrait UIInterfaceOrientationLandscapeLeft UIInterfaceOrientationLandscapeRight";
				IPHONEOS_DEPLOYMENT_TARGET = 15.0;
				LD_RUNPATH_SEARCH_PATHS = (
					"$(inherited)",
					"@executable_path/Frameworks",
				);
				MARKETING_VERSION = 0.4.0;
				PRODUCT_BUNDLE_IDENTIFIER = com.fx.KNUTICE;
				PRODUCT_NAME = "$(TARGET_NAME)";
				SUPPORTED_PLATFORMS = "iphoneos iphonesimulator";
				SUPPORTS_MACCATALYST = NO;
				SUPPORTS_MAC_DESIGNED_FOR_IPHONE_IPAD = NO;
				SUPPORTS_XR_DESIGNED_FOR_IPHONE_IPAD = NO;
				SWIFT_EMIT_LOC_STRINGS = YES;
				SWIFT_VERSION = 5.0;
				TARGETED_DEVICE_FAMILY = 1;
			};
			name = Release;
		};
/* End XCBuildConfiguration section */

/* Begin XCConfigurationList section */
		5C8256392BE5CE1A0038D4C8 /* Build configuration list for PBXProject "KNUTICE" */ = {
			isa = XCConfigurationList;
			buildConfigurations = (
				5C8256502BE5CE1B0038D4C8 /* Debug */,
				5C8256512BE5CE1B0038D4C8 /* Release */,
			);
			defaultConfigurationIsVisible = 0;
			defaultConfigurationName = Release;
		};
		5C8256522BE5CE1B0038D4C8 /* Build configuration list for PBXNativeTarget "KNUTICE" */ = {
			isa = XCConfigurationList;
			buildConfigurations = (
				5C8256532BE5CE1B0038D4C8 /* Debug */,
				5C8256542BE5CE1B0038D4C8 /* Release */,
			);
			defaultConfigurationIsVisible = 0;
			defaultConfigurationName = Release;
		};
/* End XCConfigurationList section */
	};
	rootObject = 5C8256362BE5CE1A0038D4C8 /* Project object */;
}
